{
  "R": {
    "Version": "3.6.3",
    "Repositories": [
      {
        "Name": "CRAN",
        "URL": "https://cran.r-project.org"
      }
    ]
  },
  "Packages": {
    "bookdown": {
      "Package": "bookdown",
      "Version": "0.21",
      "Source": "Repository"
    },
    "pacman": {
      "Package": "pacman",
      "Version": "0.5.1",
      "Source": "Repository"
    },
    "pins": {
      "Package": "pins",
      "Version": "0.4.3",
      "Source": "Repository"
    },
    "renv": {
      "Package": "renv",
      "Version": "0.12.0",
      "Source": "Repository"
    }
  }
}
